version: v2
locks:
  f/extraction_information/bao_gia: 065b0266a05f748276f15a424d0ac7acde305623545105a504df7b25bec30f67
  f/extraction_information/bien_ban_lam_viec: 08f70c69ffd6d2af9fcf6134a8872ac10df84d1a79aea26571733f50c4c05286
  f/extraction_information/chuyen_khoan: a8fd86cd7ad42f25cdd4bcca818619eecb7edb0ec146d6b28b8f7a00f04a8337
  f/extraction_information/extract: a6bd620ea188ae6520aa2028c85b569c99d63f0bd8f5d98ad64689cf7eaccf51
  f/extraction_information/extract_cac_phieu: a5493502aa20188871ac0f1f2fdb0eff4d4146857f16749716a911f7dd79a0ef
  f/extraction_information/hoa_don: 2fe5479d3550b7cda4aafdba65fe6172d8d6f14dc8f88f6384a1bfbb5512ed1f
  f/extraction_information/llm: 324dba82e221efec07c8e4a95973d37a1e7f46af64030f9f230ebc6281d1f1dd
  f/extraction_information/llm_core: 61e527f120affc4aa9d7fb97267bf6e8f929d2918bf4fd99687f5e32edb8fff5
  f/extraction_information/main: bfb54d272b8e46a633ff8b2ced301f56c7041846286090e8e41ee871b0e45769
  f/extraction_information/main_core: a2efa24d553a4c81b5df3adb18f8ece886a7cb291e553b6eb973a0b66decd62b
  f/extraction_information/main_new: d0c180752ff22e5e418e7ffde67ad29f3a27f4c1e698aeba3613284396a59905
  f/extraction_information/model_loader: be9d63e719a85dd3dc6a985c129b172217bc63b21deeec9c850feef7bdad2163
  f/extraction_information/ocr: 858a84762a50a2449b31fbd48055051299a2e87a0f5393521b472274b7e1deb8
  f/extraction_information/phieu_chi: 854b4f185358e7f1adf3316f60074648507697a9e4713c68fdb75c58d665b765
  f/extraction_information/phieu_chi_core: 9b0f14a1a9dbe402f6aae91845e11c1ae53cb4e03cb55aeee466a40171519bf1
  f/extraction_information/phieu_giao_nhan_be_tong: 52861485ead848cc5e7521f63b47f465da4752790bd41396716deac3d42b4c18
  f/extraction_information/phieu_giao_nhan_hang_hoa: 8e3d3e3cd4d1fa4c120f89b13bb16c68cf2cc6e35085a0c1bc0cc438c574a1a1
  f/extraction_information/phieu_nhap: eaa784e736a574d871a12637392460703652513dede3d4d67f90523a21283de8
  f/extraction_information/phieu_thu: d8b0cd7e7186aec406244848ef1cbc5a317e9ea7489781f196eac2f61d25a386
  f/extraction_information/phieu_thue: 50eea712ee8bdf833447ccd27b39c1662ecd496dd181b803d960cde57984cb19
  f/extraction_information/phieu_xuat: 8ca05f159c6339827fd8ae9c8a4f0020b3f508aa9eb390963cf0070b7d34138c
  f/extraction_information/prompt: 5ce0b13616b5ae25d1ae49221782c4fea1e4c9689e71d05a5b4edd36fd682ffd
  f/extraction_information/prompt_build: 900ff2a75d3aaa0e7ed191d0c75c04faac748e13224dc774a678ea716d806211
  f/extraction_information/schema: f233ab3ebabcc579b51926f379679e32ef53d5363bd659c1acc134027eb63b12
  f/extraction_information/schema_loader_core: 4e1c2f16565822e901867d9fc6c8fde1ac4b17ae49fb2d6a83247bd3b477f183
  f/extraction_information/thanh_toan: a2a0af2af993d903047f89605833ddffec294cd5d0999d33f5e7b3aaefe0bea4
  f/extraction_information/utils: da327c6b2e5acbc474c1e964cac8712fe55c850efc6294fa71aef364c83084c4
  f/extraction_information/van_don: 16956d0ac55470b6c0536d6a16dac3814cb5d6d79fee9ec96e9a4c46ced2e701
