version: v2
locks:
  f/extraction_information/bao_gia: 016b85e14a9f78ad3f43a36a65994d70496fc45e03cb437adedc7e3515a77d8d
  f/extraction_information/bien_ban_lam_viec: 931e21f0cd6a97fbc71d644ca63dc1832d08ea7ab12b9b0ad7aedcfdaaa3c0ce
  f/extraction_information/chuyen_khoan: dca06caf5b7677266994ce8c39523f32992cea1aad387a2ca2a0cf0ab203e58d
  f/extraction_information/extract: a6bd620ea188ae6520aa2028c85b569c99d63f0bd8f5d98ad64689cf7eaccf51
  f/extraction_information/extract_cac_phieu: 064d9741c31b3231f137c123aa7254b25f5cb71dfca4fd22bdcd9964fc03dda2
  f/extraction_information/hoa_don: 2fe5479d3550b7cda4aafdba65fe6172d8d6f14dc8f88f6384a1bfbb5512ed1f
  f/extraction_information/llm: 1179130f4f989c842a97d2a67663687bb1cb4f107d07b0a4ff51a9a8f5dd5422
  f/extraction_information/main: bfb54d272b8e46a633ff8b2ced301f56c7041846286090e8e41ee871b0e45769
  f/extraction_information/main_new: 08b9d742b48cf73396adb91864892783c0a1842d58c18a83e3a5ecbeadeb9956
  f/extraction_information/model_loader: be9d63e719a85dd3dc6a985c129b172217bc63b21deeec9c850feef7bdad2163
  f/extraction_information/ocr: 56cee8a2ce4b80b3f7d79ed93c3e3cf957a296c2bdffe452ec5bff42a7ab560d
  f/extraction_information/phieu_chi: 854b4f185358e7f1adf3316f60074648507697a9e4713c68fdb75c58d665b765
  f/extraction_information/phieu_giao_nhan_be_tong: 52861485ead848cc5e7521f63b47f465da4752790bd41396716deac3d42b4c18
  f/extraction_information/phieu_giao_nhan_hang_hoa: 6611fea294003df87800dbde601295723e75b2da15fe0d864b56bc2e66e85863
  f/extraction_information/phieu_nhap: eaa784e736a574d871a12637392460703652513dede3d4d67f90523a21283de8
  f/extraction_information/phieu_thu: e490a2dac379796c00cb2814029c192a908bb2e899788d98fefb8014bcefafb1
  f/extraction_information/phieu_thue: f881f53624e3f6ba90d209599ab1b2388f8aac521ab6e1634c0487bc7dc0a17e
  f/extraction_information/phieu_xuat: 9ef12a8c1bf229102601fdf2c89cb964e4b41d3d268555a974832eb73b583933
  f/extraction_information/prompt: 5ce0b13616b5ae25d1ae49221782c4fea1e4c9689e71d05a5b4edd36fd682ffd
  f/extraction_information/prompt_build: de81489f4f82035f7e551ae73dc786ac214f9b83bc301a8b9615bec45b394abf
  f/extraction_information/schema: f233ab3ebabcc579b51926f379679e32ef53d5363bd659c1acc134027eb63b12
  f/extraction_information/thanh_toan: a2a0af2af993d903047f89605833ddffec294cd5d0999d33f5e7b3aaefe0bea4
  f/extraction_information/utils: da327c6b2e5acbc474c1e964cac8712fe55c850efc6294fa71aef364c83084c4
  f/extraction_information/van_don: 8e5183bad62a39c1472392e615408333d500a092b9dc7eba248b989844224cc9
